
Microsoft Visual Studio Solution File, Format Version 12.00
# Visual Studio 14
VisualStudioVersion = 14.0.25420.1
MinimumVisualStudioVersion = 10.0.40219.1
Project("{FAE04EC0-301F-11D3-BF4B-00C04F79EFBC}") = "Demo.Data", "Demo.Data\Demo.Data.csproj", "{728B5019-E206-444C-9D20-E41C14420DC9}"
EndProject
Project("{FAE04EC0-301F-11D3-BF4B-00C04F79EFBC}") = "Demo.Model", "Demo.Model\Demo.Model.csproj", "{6B98583E-10C5-4898-BDA9-96B8C0F8CB54}"
EndProject
Project("{FAE04EC0-301F-11D3-BF4B-00C04F79EFBC}") = "Demo.Service", "Demo.Service\Demo.Service.csproj", "{E83D2DB1-7F02-497E-A0B2-AEC32F234E6D}"
EndProject
Project("{FAE04EC0-301F-11D3-BF4B-00C04F79EFBC}") = "Demo.Web", "Demo.Web\Demo.Web.csproj", "{A32432CB-42BA-485E-AC41-AFE0952BFA19}"
EndProject
Global
	GlobalSection(SolutionConfigurationPlatforms) = preSolution
		Debug|Any CPU = Debug|Any CPU
		Release|Any CPU = Release|Any CPU
	EndGlobalSection
	GlobalSection(ProjectConfigurationPlatforms) = postSolution
		{728B5019-E206-444C-9D20-E41C14420DC9}.Debug|Any CPU.ActiveCfg = Debug|Any CPU
		{728B5019-E206-444C-9D20-E41C14420DC9}.Debug|Any CPU.Build.0 = Debug|Any CPU
		{728B5019-E206-444C-9D20-E41C14420DC9}.Release|Any CPU.ActiveCfg = Release|Any CPU
		{728B5019-E206-444C-9D20-E41C14420DC9}.Release|Any CPU.Build.0 = Release|Any CPU
		{6B98583E-10C5-4898-BDA9-96B8C0F8CB54}.Debug|Any CPU.ActiveCfg = Debug|Any CPU
		{6B98583E-10C5-4898-BDA9-96B8C0F8CB54}.Debug|Any CPU.Build.0 = Debug|Any CPU
		{6B98583E-10C5-4898-BDA9-96B8C0F8CB54}.Release|Any CPU.ActiveCfg = Release|Any CPU
		{6B98583E-10C5-4898-BDA9-96B8C0F8CB54}.Release|Any CPU.Build.0 = Release|Any CPU
		{E83D2DB1-7F02-497E-A0B2-AEC32F234E6D}.Debug|Any CPU.ActiveCfg = Debug|Any CPU
		{E83D2DB1-7F02-497E-A0B2-AEC32F234E6D}.Debug|Any CPU.Build.0 = Debug|Any CPU
		{E83D2DB1-7F02-497E-A0B2-AEC32F234E6D}.Release|Any CPU.ActiveCfg = Release|Any CPU
		{E83D2DB1-7F02-497E-A0B2-AEC32F234E6D}.Release|Any CPU.Build.0 = Release|Any CPU
		{A32432CB-42BA-485E-AC41-AFE0952BFA19}.Debug|Any CPU.ActiveCfg = Debug|Any CPU
		{A32432CB-42BA-485E-AC41-AFE0952BFA19}.Debug|Any CPU.Build.0 = Debug|Any CPU
		{A32432CB-42BA-485E-AC41-AFE0952BFA19}.Release|Any CPU.ActiveCfg = Release|Any CPU
		{A32432CB-42BA-485E-AC41-AFE0952BFA19}.Release|Any CPU.Build.0 = Release|Any CPU
	EndGlobalSection
	GlobalSection(SolutionProperties) = preSolution
		HideSolutionNode = FALSE
	EndGlobalSection
EndGlobal
